
Microsoft Visual Studio Solution File, Format Version 12.00
# Visual Studio Version 17
VisualStudioVersion = 17.14.36511.14
MinimumVisualStudioVersion = 10.0.40219.1
Project("{FAE04EC0-301F-11D3-BF4B-00C04F79EFBC}") = "week01", "week01.csproj", "{FDDF916F-6F95-4B00-A4CD-E942A2A0FC9D}"
EndProject
Project("{FAE04EC0-301F-11D3-BF4B-00C04F79EFBC}") = "week02", "..\week02\week02.csproj", "{F338F522-C732-41F3-805F-5A0B817E3B03}"
EndProject
Global
	GlobalSection(SolutionConfigurationPlatforms) = preSolution
		Debug|Any CPU = Debug|Any CPU
		Release|Any CPU = Release|Any CPU
	EndGlobalSection
	GlobalSection(ProjectConfigurationPlatforms) = postSolution
		{FDDF916F-6F95-4B00-A4CD-E942A2A0FC9D}.Debug|Any CPU.ActiveCfg = Debug|Any CPU
		{FDDF916F-6F95-4B00-A4CD-E942A2A0FC9D}.Debug|Any CPU.Build.0 = Debug|Any CPU
		{FDDF916F-6F95-4B00-A4CD-E942A2A0FC9D}.Release|Any CPU.ActiveCfg = Release|Any CPU
		{FDDF916F-6F95-4B00-A4CD-E942A2A0FC9D}.Release|Any CPU.Build.0 = Release|Any CPU
		{F338F522-C732-41F3-805F-5A0B817E3B03}.Debug|Any CPU.ActiveCfg = Debug|Any CPU
		{F338F522-C732-41F3-805F-5A0B817E3B03}.Debug|Any CPU.Build.0 = Debug|Any CPU
		{F338F522-C732-41F3-805F-5A0B817E3B03}.Release|Any CPU.ActiveCfg = Release|Any CPU
		{F338F522-C732-41F3-805F-5A0B817E3B03}.Release|Any CPU.Build.0 = Release|Any CPU
	EndGlobalSection
	GlobalSection(SolutionProperties) = preSolution
		HideSolutionNode = FALSE
	EndGlobalSection
	GlobalSection(ExtensibilityGlobals) = postSolution
		SolutionGuid = {F9E5D34D-8541-411F-BB16-CFB2868469FB}
	EndGlobalSection
EndGlobal
