
Microsoft Visual Studio Solution File, Format Version 12.00
# Visual Studio Version 17
VisualStudioVersion = 17.14.36511.14
MinimumVisualStudioVersion = 10.0.40219.1
Project("{FAE04EC0-301F-11D3-BF4B-00C04F79EFBC}") = "ConsoleApp1", "ConsoleApp1.csproj", "{FDDF916F-6F95-4B00-A4CD-E942A2A0FC9D}"
EndProject
Project("{2150E333-8FDC-42A3-9474-1A3956D46DE8}") = "Assignments week 01", "Assignments week 01", "{02EA681E-C7D8-13C7-8484-4AC65E1B71E8}"
	ProjectSection(SolutionItems) = preProject
		assignment1.cs = assignment1.cs
		assignment2.cs = assignment2.cs
		assignment3.cs = assignment3.cs
		ex1.cs = ex1.cs
		ex2.cs = ex2.cs
		ex3.cs = ex3.cs
	EndProjectSection
EndProject
Global
	GlobalSection(SolutionConfigurationPlatforms) = preSolution
		Debug|Any CPU = Debug|Any CPU
		Release|Any CPU = Release|Any CPU
	EndGlobalSection
	GlobalSection(ProjectConfigurationPlatforms) = postSolution
		{FDDF916F-6F95-4B00-A4CD-E942A2A0FC9D}.Debug|Any CPU.ActiveCfg = Debug|Any CPU
		{FDDF916F-6F95-4B00-A4CD-E942A2A0FC9D}.Debug|Any CPU.Build.0 = Debug|Any CPU
		{FDDF916F-6F95-4B00-A4CD-E942A2A0FC9D}.Release|Any CPU.ActiveCfg = Release|Any CPU
		{FDDF916F-6F95-4B00-A4CD-E942A2A0FC9D}.Release|Any CPU.Build.0 = Release|Any CPU
	EndGlobalSection
	GlobalSection(SolutionProperties) = preSolution
		HideSolutionNode = FALSE
	EndGlobalSection
	GlobalSection(ExtensibilityGlobals) = postSolution
		SolutionGuid = {F9E5D34D-8541-411F-BB16-CFB2868469FB}
	EndGlobalSection
EndGlobal
